
Microsoft Visual Studio Solution File, Format Version 12.00
# Visual Studio Version 17
VisualStudioVersion = 17.9.34622.214
MinimumVisualStudioVersion = 10.0.40219.1
Project("{8BC9CEB8-8B4A-11D0-8D11-00A0C91BC942}") = "TestSocket9", "TestSocket9\TestSocket9.vcxproj", "{96D590F8-7321-475E-9A8E-706C8E7E1A93}"
EndProject
Global
	GlobalSection(SolutionConfigurationPlatforms) = preSolution
		Debug|x64 = Debug|x64
		Debug|x86 = Debug|x86
		Release|x64 = Release|x64
		Release|x86 = Release|x86
	EndGlobalSection
	GlobalSection(ProjectConfigurationPlatforms) = postSolution
		{96D590F8-7321-475E-9A8E-706C8E7E1A93}.Debug|x64.ActiveCfg = Debug|x64
		{96D590F8-7321-475E-9A8E-706C8E7E1A93}.Debug|x64.Build.0 = Debug|x64
		{96D590F8-7321-475E-9A8E-706C8E7E1A93}.Debug|x86.ActiveCfg = Debug|Win32
		{96D590F8-7321-475E-9A8E-706C8E7E1A93}.Debug|x86.Build.0 = Debug|Win32
		{96D590F8-7321-475E-9A8E-706C8E7E1A93}.Release|x64.ActiveCfg = Release|x64
		{96D590F8-7321-475E-9A8E-706C8E7E1A93}.Release|x64.Build.0 = Release|x64
		{96D590F8-7321-475E-9A8E-706C8E7E1A93}.Release|x86.ActiveCfg = Release|Win32
		{96D590F8-7321-475E-9A8E-706C8E7E1A93}.Release|x86.Build.0 = Release|Win32
	EndGlobalSection
	GlobalSection(SolutionProperties) = preSolution
		HideSolutionNode = FALSE
	EndGlobalSection
	GlobalSection(ExtensibilityGlobals) = postSolution
		SolutionGuid = {2BFD9117-3FA6-4AE2-93D5-24C5A34FEA7A}
	EndGlobalSection
EndGlobal
